
Microsoft Visual Studio Solution File, Format Version 12.00
# Visual Studio Version 17
VisualStudioVersion = 17.11.35327.3
MinimumVisualStudioVersion = 10.0.40219.1
Project("{FAE04EC0-301F-11D3-BF4B-00C04F79EFBC}") = "HelpDesk", "HelpDesk\HelpDesk.csproj", "{C75437B6-935E-4583-9A77-A070398EDF11}"
EndProject
Global
	GlobalSection(SolutionConfigurationPlatforms) = preSolution
		Debug|Any CPU = Debug|Any CPU
		Release|Any CPU = Release|Any CPU
	EndGlobalSection
	GlobalSection(ProjectConfigurationPlatforms) = postSolution
		{C75437B6-935E-4583-9A77-A070398EDF11}.Debug|Any CPU.ActiveCfg = Debug|Any CPU
		{C75437B6-935E-4583-9A77-A070398EDF11}.Debug|Any CPU.Build.0 = Debug|Any CPU
		{C75437B6-935E-4583-9A77-A070398EDF11}.Release|Any CPU.ActiveCfg = Release|Any CPU
		{C75437B6-935E-4583-9A77-A070398EDF11}.Release|Any CPU.Build.0 = Release|Any CPU
	EndGlobalSection
	GlobalSection(SolutionProperties) = preSolution
		HideSolutionNode = FALSE
	EndGlobalSection
	GlobalSection(ExtensibilityGlobals) = postSolution
		SolutionGuid = {68BBDA32-2CAA-4037-AE53-F93B9D3B1E45}
	EndGlobalSection
EndGlobal
